
Microsoft Visual Studio Solution File, Format Version 12.00
# Visual Studio Version 16
VisualStudioVersion = 16.0.32602.291
MinimumVisualStudioVersion = 10.0.40219.1
Project("{FAE04EC0-301F-11D3-BF4B-00C04F79EFBC}") = "payment", "payment\payment.csproj", "{867076CD-E715-4822-9124-8777D3A00AE2}"
EndProject
Global
	GlobalSection(SolutionConfigurationPlatforms) = preSolution
		Debug|Any CPU = Debug|Any CPU
		Release|Any CPU = Release|Any CPU
	EndGlobalSection
	GlobalSection(ProjectConfigurationPlatforms) = postSolution
		{867076CD-E715-4822-9124-8777D3A00AE2}.Debug|Any CPU.ActiveCfg = Debug|Any CPU
		{867076CD-E715-4822-9124-8777D3A00AE2}.Debug|Any CPU.Build.0 = Debug|Any CPU
		{867076CD-E715-4822-9124-8777D3A00AE2}.Release|Any CPU.ActiveCfg = Release|Any CPU
		{867076CD-E715-4822-9124-8777D3A00AE2}.Release|Any CPU.Build.0 = Release|Any CPU
	EndGlobalSection
	GlobalSection(SolutionProperties) = preSolution
		HideSolutionNode = FALSE
	EndGlobalSection
	GlobalSection(ExtensibilityGlobals) = postSolution
		SolutionGuid = {3BEE5714-8C28-49B6-A4B3-C63C53287325}
	EndGlobalSection
EndGlobal
